
Microsoft Visual Studio Solution File, Format Version 12.00
# Visual Studio Version 17
VisualStudioVersion = 17.11.35327.3
MinimumVisualStudioVersion = 10.0.40219.1
Project("{FAE04EC0-301F-11D3-BF4B-00C04F79EFBC}") = "SalonAppointmentSystem", "SalonAppointmentSystem\SalonAppointmentSystem.csproj", "{21C946EA-889D-411A-94C7-1A902940A11F}"
EndProject
Global
	GlobalSection(SolutionConfigurationPlatforms) = preSolution
		Debug|Any CPU = Debug|Any CPU
		Release|Any CPU = Release|Any CPU
	EndGlobalSection
	GlobalSection(ProjectConfigurationPlatforms) = postSolution
		{21C946EA-889D-411A-94C7-1A902940A11F}.Debug|Any CPU.ActiveCfg = Debug|Any CPU
		{21C946EA-889D-411A-94C7-1A902940A11F}.Debug|Any CPU.Build.0 = Debug|Any CPU
		{21C946EA-889D-411A-94C7-1A902940A11F}.Release|Any CPU.ActiveCfg = Release|Any CPU
		{21C946EA-889D-411A-94C7-1A902940A11F}.Release|Any CPU.Build.0 = Release|Any CPU
	EndGlobalSection
	GlobalSection(SolutionProperties) = preSolution
		HideSolutionNode = FALSE
	EndGlobalSection
	GlobalSection(ExtensibilityGlobals) = postSolution
		SolutionGuid = {C3331860-C3F8-47AC-8F91-A13E10559C20}
	EndGlobalSection
EndGlobal
